
Microsoft Visual Studio Solution File, Format Version 12.00
# Visual Studio Version 16
VisualStudioVersion = 16.0.30309.148
MinimumVisualStudioVersion = 10.0.40219.1
Project("{9A19103F-16F7-4668-BE54-9A1E7A4F7556}") = "ProjectTest", "ProjectTest\ProjectTest.csproj", "{2A8EFD79-AD01-4806-A7FC-877E74631C2F}"
EndProject
Project("{FAE04EC0-301F-11D3-BF4B-00C04F79EFBC}") = "ProjectTest.Data", "Database\ProjectTest.Data.csproj", "{21791764-26EF-4F4A-9E30-244337937BA2}"
EndProject
Project("{FAE04EC0-301F-11D3-BF4B-00C04F79EFBC}") = "ProjectTest.Application", "ProjectTest.Application\ProjectTest.Application.csproj", "{D5A6F395-DBC1-4017-BDE4-F94294E4EED8}"
EndProject
Global
	GlobalSection(SolutionConfigurationPlatforms) = preSolution
		Debug|Any CPU = Debug|Any CPU
		Release|Any CPU = Release|Any CPU
	EndGlobalSection
	GlobalSection(ProjectConfigurationPlatforms) = postSolution
		{2A8EFD79-AD01-4806-A7FC-877E74631C2F}.Debug|Any CPU.ActiveCfg = Debug|Any CPU
		{2A8EFD79-AD01-4806-A7FC-877E74631C2F}.Debug|Any CPU.Build.0 = Debug|Any CPU
		{2A8EFD79-AD01-4806-A7FC-877E74631C2F}.Release|Any CPU.ActiveCfg = Release|Any CPU
		{2A8EFD79-AD01-4806-A7FC-877E74631C2F}.Release|Any CPU.Build.0 = Release|Any CPU
		{21791764-26EF-4F4A-9E30-244337937BA2}.Debug|Any CPU.ActiveCfg = Debug|Any CPU
		{21791764-26EF-4F4A-9E30-244337937BA2}.Debug|Any CPU.Build.0 = Debug|Any CPU
		{21791764-26EF-4F4A-9E30-244337937BA2}.Release|Any CPU.ActiveCfg = Release|Any CPU
		{21791764-26EF-4F4A-9E30-244337937BA2}.Release|Any CPU.Build.0 = Release|Any CPU
		{D5A6F395-DBC1-4017-BDE4-F94294E4EED8}.Debug|Any CPU.ActiveCfg = Debug|Any CPU
		{D5A6F395-DBC1-4017-BDE4-F94294E4EED8}.Debug|Any CPU.Build.0 = Debug|Any CPU
		{D5A6F395-DBC1-4017-BDE4-F94294E4EED8}.Release|Any CPU.ActiveCfg = Release|Any CPU
		{D5A6F395-DBC1-4017-BDE4-F94294E4EED8}.Release|Any CPU.Build.0 = Release|Any CPU
	EndGlobalSection
	GlobalSection(SolutionProperties) = preSolution
		HideSolutionNode = FALSE
	EndGlobalSection
	GlobalSection(ExtensibilityGlobals) = postSolution
		SolutionGuid = {0DEB9E35-36DA-4565-B7A8-148BB63B7FC5}
	EndGlobalSection
EndGlobal
